PODS:
  - audio_session (0.0.1):
    - Flutter
  - DKImagePickerController/Core (4.3.4):
    - DKImagePickerController/ImageDataManager
    - DKImagePickerController/Resource
  - DKImagePickerController/ImageDataManager (4.3.4)
  - DKImagePickerController/PhotoGallery (4.3.4):
    - DKImagePickerController/Core
    - DKPhotoGallery
  - DKImagePickerController/Resource (4.3.4)
  - DKPhotoGallery (0.0.17):
    - DKPhotoGallery/Core (= 0.0.17)
    - DKPhotoGallery/Model (= 0.0.17)
    - DKPhotoGallery/Preview (= 0.0.17)
    - DKPhotoGallery/Resource (= 0.0.17)
    - SDWebImage
    - SwiftyGif
  - DKPhotoGallery/Core (0.0.17):
    - DKPhotoGallery/Model
    - DKPhotoGallery/Preview
    - SDWebImage
    - SwiftyGif
  - DKPhotoGallery/Model (0.0.17):
    - SDWebImage
    - SwiftyGif
  - DKPhotoGallery/Preview (0.0.17):
    - DKPhotoGallery/Model
    - DKPhotoGallery/Resource
    - SDWebImage
    - SwiftyGif
  - DKPhotoGallery/Resource (0.0.17):
    - SDWebImage
    - SwiftyGif
  - file_picker (0.0.1):
    - DKImagePickerController/PhotoGallery
    - Flutter
  - Flutter (1.0.0)
  - geocoding_ios (1.0.5):
    - Flutter
  - geolocator_apple (1.2.0):
    - Flutter
  - image_picker_ios (0.0.1):
    - Flutter
  - just_audio (0.0.1):
    - Flutter
  - NWWebSocket (0.5.3)
  - path_provider_foundation (0.0.1):
    - Flutter
    - FlutterMacOS
  - permission_handler_apple (9.1.1):
    - Flutter
  - pusher_channels_flutter (0.0.1):
    - Flutter
    - PusherSwift (~> 10.1.4)
  - PusherSwift (10.1.4):
    - NWWebSocket (~> 0.5.3)
    - TweetNacl (~> 1.0.0)
  - record_darwin (1.0.0):
    - Flutter
    - FlutterMacOS
  - SDWebImage (5.16.0):
    - SDWebImage/Core (= 5.16.0)
  - SDWebImage/Core (5.16.0)
  - search_choices (0.0.1):
    - Flutter
  - share_plus (0.0.1):
    - Flutter
  - shared_preferences_foundation (0.0.1):
    - Flutter
    - FlutterMacOS
  - smart_auth (0.0.1):
    - Flutter
  - SwiftyGif (5.4.4)
  - TweetNacl (1.0.2)
  - url_launcher_ios (0.0.1):
    - Flutter
  - video_player_avfoundation (0.0.1):
    - Flutter
    - FlutterMacOS

DEPENDENCIES:
  - audio_session (from `.symlinks/plugins/audio_session/ios`)
  - file_picker (from `.symlinks/plugins/file_picker/ios`)
  - Flutter (from `Flutter`)
  - geocoding_ios (from `.symlinks/plugins/geocoding_ios/ios`)
  - geolocator_apple (from `.symlinks/plugins/geolocator_apple/ios`)
  - image_picker_ios (from `.symlinks/plugins/image_picker_ios/ios`)
  - just_audio (from `.symlinks/plugins/just_audio/ios`)
  - path_provider_foundation (from `.symlinks/plugins/path_provider_foundation/darwin`)
  - permission_handler_apple (from `.symlinks/plugins/permission_handler_apple/ios`)
  - pusher_channels_flutter (from `.symlinks/plugins/pusher_channels_flutter/ios`)
  - record_darwin (from `.symlinks/plugins/record_darwin/ios`)
  - search_choices (from `.symlinks/plugins/search_choices/ios`)
  - share_plus (from `.symlinks/plugins/share_plus/ios`)
  - shared_preferences_foundation (from `.symlinks/plugins/shared_preferences_foundation/darwin`)
  - smart_auth (from `.symlinks/plugins/smart_auth/ios`)
  - url_launcher_ios (from `.symlinks/plugins/url_launcher_ios/ios`)
  - video_player_avfoundation (from `.symlinks/plugins/video_player_avfoundation/darwin`)

SPEC REPOS:
  https://github.com/CocoaPods/Specs.git:
    - DKImagePickerController
    - DKPhotoGallery
    - NWWebSocket
    - PusherSwift
    - SDWebImage
    - SwiftyGif
    - TweetNacl

EXTERNAL SOURCES:
  audio_session:
    :path: ".symlinks/plugins/audio_session/ios"
  file_picker:
    :path: ".symlinks/plugins/file_picker/ios"
  Flutter:
    :path: Flutter
  geocoding_ios:
    :path: ".symlinks/plugins/geocoding_ios/ios"
  geolocator_apple:
    :path: ".symlinks/plugins/geolocator_apple/ios"
  image_picker_ios:
    :path: ".symlinks/plugins/image_picker_ios/ios"
  just_audio:
    :path: ".symlinks/plugins/just_audio/ios"
  path_provider_foundation:
    :path: ".symlinks/plugins/path_provider_foundation/darwin"
  permission_handler_apple:
    :path: ".symlinks/plugins/permission_handler_apple/ios"
  pusher_channels_flutter:
    :path: ".symlinks/plugins/pusher_channels_flutter/ios"
  record_darwin:
    :path: ".symlinks/plugins/record_darwin/ios"
  search_choices:
    :path: ".symlinks/plugins/search_choices/ios"
  share_plus:
    :path: ".symlinks/plugins/share_plus/ios"
  shared_preferences_foundation:
    :path: ".symlinks/plugins/shared_preferences_foundation/darwin"
  smart_auth:
    :path: ".symlinks/plugins/smart_auth/ios"
  url_launcher_ios:
    :path: ".symlinks/plugins/url_launcher_ios/ios"
  video_player_avfoundation:
    :path: ".symlinks/plugins/video_player_avfoundation/darwin"

SPEC CHECKSUMS:
  audio_session: 4f3e461722055d21515cf3261b64c973c062f345
  DKImagePickerController: b512c28220a2b8ac7419f21c491fc8534b7601ac
  DKPhotoGallery: fdfad5125a9fdda9cc57df834d49df790dbb4179
  file_picker: 15fd9539e4eb735dc54bae8c0534a7a9511a03de
  Flutter: f04841e97a9d0b0a8025694d0796dd46242b2854
  geocoding_ios: a389ea40f6f548de6e63006a2e31bf66ff80769a
  geolocator_apple: cc556e6844d508c95df1e87e3ea6fa4e58c50401
  image_picker_ios: 4a8aadfbb6dc30ad5141a2ce3832af9214a705b5
  just_audio: baa7252489dbcf47a4c7cc9ca663e9661c99aafa
  NWWebSocket: 05fc4419102f33934f87157d70228837e327064f
  path_provider_foundation: 29f094ae23ebbca9d3d0cec13889cd9060c0e943
  permission_handler_apple: e76247795d700c14ea09e3a2d8855d41ee80a2e6
  pusher_channels_flutter: 2bc74ab92bacd0ac436e10fa326125408d3c7598
  PusherSwift: 671c49e9c5441e30960d2e0282a879b2f8c80bcb
  record_darwin: 1f6619f2abac4d1ca91d3eeab038c980d76f1517
  SDWebImage: 2aea163b50bfcb569a2726b6a754c54a4506fcf6
  search_choices: b50731e8c425078048f681f39c34375c58d6ce8d
  share_plus: c3fef564749587fc939ef86ffb283ceac0baf9f5
  shared_preferences_foundation: 5b919d13b803cadd15ed2dc053125c68730e5126
  smart_auth: 4bedbc118723912d0e45a07e8ab34039c19e04f2
  SwiftyGif: 93a1cc87bf3a51916001cf8f3d63835fb64c819f
  TweetNacl: 3abf4d1d2082b0114e7a67410e300892448951e6
  url_launcher_ios: bf5ce03e0e2088bad9cc378ea97fa0ed5b49673b
  video_player_avfoundation: e9e6f9cae7d7a6d9b43519b0aab382bca60fcfd1

PODFILE CHECKSUM: cbfabab1f3636e4e579a4d2c8ab8cb4f390f691e

COCOAPODS: 1.14.3
